
Microsoft Visual Studio Solution File, Format Version 12.00
# Visual Studio Version 17
VisualStudioVersion = 17.1.32407.343
MinimumVisualStudioVersion = 10.0.40219.1
Project("{FAE04EC0-301F-11D3-BF4B-00C04F79EFBC}") = "EShop.API", "EShop.API\EShop.API.csproj", "{6B6BBD4F-1E02-4B5A-B80A-153BE60EB34B}"
EndProject
Project("{FAE04EC0-301F-11D3-BF4B-00C04F79EFBC}") = "EShop.Logic.UnitTest", "EShop.Logic.UnitTest\EShop.Logic.UnitTest.csproj", "{376AED16-DC2F-4296-A25D-D86074B4D5F4}"
EndProject
Project("{FAE04EC0-301F-11D3-BF4B-00C04F79EFBC}") = "EShop.Core", "EShop.Core\EShop.Core.csproj", "{2E626B4A-B15B-4FD1-AA32-9F928FF53FDF}"
EndProject
Project("{FAE04EC0-301F-11D3-BF4B-00C04F79EFBC}") = "EShop.Entity", "EShop.Entity\EShop.Entity.csproj", "{EF5DDABE-123A-4A89-8C7D-82C3138FFAA0}"
EndProject
Project("{FAE04EC0-301F-11D3-BF4B-00C04F79EFBC}") = "EShop.Cache", "EShop.Cache\EShop.Cache.csproj", "{75E3E310-3A3A-46A7-AFD3-B75043652421}"
EndProject
Project("{FAE04EC0-301F-11D3-BF4B-00C04F79EFBC}") = "EShop.MQ.Producer", "EShop.MQ.Producer\EShop.MQ.Producer.csproj", "{839AA9B2-8B70-4533-BEDC-980EA72C3204}"
EndProject
Project("{FAE04EC0-301F-11D3-BF4B-00C04F79EFBC}") = "EShop.Logic", "EShop.Logic\EShop.Logic.csproj", "{2064FC8E-5819-4563-B2E1-1AFE40D24CF1}"
EndProject
Global
	GlobalSection(SolutionConfigurationPlatforms) = preSolution
		Debug|Any CPU = Debug|Any CPU
		Release|Any CPU = Release|Any CPU
	EndGlobalSection
	GlobalSection(ProjectConfigurationPlatforms) = postSolution
		{6B6BBD4F-1E02-4B5A-B80A-153BE60EB34B}.Debug|Any CPU.ActiveCfg = Debug|Any CPU
		{6B6BBD4F-1E02-4B5A-B80A-153BE60EB34B}.Debug|Any CPU.Build.0 = Debug|Any CPU
		{6B6BBD4F-1E02-4B5A-B80A-153BE60EB34B}.Release|Any CPU.ActiveCfg = Release|Any CPU
		{6B6BBD4F-1E02-4B5A-B80A-153BE60EB34B}.Release|Any CPU.Build.0 = Release|Any CPU
		{376AED16-DC2F-4296-A25D-D86074B4D5F4}.Debug|Any CPU.ActiveCfg = Debug|Any CPU
		{376AED16-DC2F-4296-A25D-D86074B4D5F4}.Debug|Any CPU.Build.0 = Debug|Any CPU
		{376AED16-DC2F-4296-A25D-D86074B4D5F4}.Release|Any CPU.ActiveCfg = Release|Any CPU
		{376AED16-DC2F-4296-A25D-D86074B4D5F4}.Release|Any CPU.Build.0 = Release|Any CPU
		{2E626B4A-B15B-4FD1-AA32-9F928FF53FDF}.Debug|Any CPU.ActiveCfg = Debug|Any CPU
		{2E626B4A-B15B-4FD1-AA32-9F928FF53FDF}.Debug|Any CPU.Build.0 = Debug|Any CPU
		{2E626B4A-B15B-4FD1-AA32-9F928FF53FDF}.Release|Any CPU.ActiveCfg = Release|Any CPU
		{2E626B4A-B15B-4FD1-AA32-9F928FF53FDF}.Release|Any CPU.Build.0 = Release|Any CPU
		{EF5DDABE-123A-4A89-8C7D-82C3138FFAA0}.Debug|Any CPU.ActiveCfg = Debug|Any CPU
		{EF5DDABE-123A-4A89-8C7D-82C3138FFAA0}.Debug|Any CPU.Build.0 = Debug|Any CPU
		{EF5DDABE-123A-4A89-8C7D-82C3138FFAA0}.Release|Any CPU.ActiveCfg = Release|Any CPU
		{EF5DDABE-123A-4A89-8C7D-82C3138FFAA0}.Release|Any CPU.Build.0 = Release|Any CPU
		{75E3E310-3A3A-46A7-AFD3-B75043652421}.Debug|Any CPU.ActiveCfg = Debug|Any CPU
		{75E3E310-3A3A-46A7-AFD3-B75043652421}.Debug|Any CPU.Build.0 = Debug|Any CPU
		{75E3E310-3A3A-46A7-AFD3-B75043652421}.Release|Any CPU.ActiveCfg = Release|Any CPU
		{75E3E310-3A3A-46A7-AFD3-B75043652421}.Release|Any CPU.Build.0 = Release|Any CPU
		{839AA9B2-8B70-4533-BEDC-980EA72C3204}.Debug|Any CPU.ActiveCfg = Debug|Any CPU
		{839AA9B2-8B70-4533-BEDC-980EA72C3204}.Debug|Any CPU.Build.0 = Debug|Any CPU
		{839AA9B2-8B70-4533-BEDC-980EA72C3204}.Release|Any CPU.ActiveCfg = Release|Any CPU
		{839AA9B2-8B70-4533-BEDC-980EA72C3204}.Release|Any CPU.Build.0 = Release|Any CPU
		{2064FC8E-5819-4563-B2E1-1AFE40D24CF1}.Debug|Any CPU.ActiveCfg = Debug|Any CPU
		{2064FC8E-5819-4563-B2E1-1AFE40D24CF1}.Debug|Any CPU.Build.0 = Debug|Any CPU
		{2064FC8E-5819-4563-B2E1-1AFE40D24CF1}.Release|Any CPU.ActiveCfg = Release|Any CPU
		{2064FC8E-5819-4563-B2E1-1AFE40D24CF1}.Release|Any CPU.Build.0 = Release|Any CPU
	EndGlobalSection
	GlobalSection(SolutionProperties) = preSolution
		HideSolutionNode = FALSE
	EndGlobalSection
	GlobalSection(ExtensibilityGlobals) = postSolution
		SolutionGuid = {EB206C33-07C4-4CB2-9687-CC19D77C2949}
	EndGlobalSection
EndGlobal
